// !$*UTF8*$!
{
	archiveVersion = 1;
	classes = {
	};
	objectVersion = 48;
	objects = {

/* Begin PBXBuildFile section */
		373CEFE21EB219FFF167F448 /* Pods_OTOT_Ver_1.framework in Frameworks */ = {isa = PBXBuildFile; fileRef = 7BCC59A2B467E050F9AAE4CB /* Pods_OTOT_Ver_1.framework */; };
		84416A451F88FE1F0016E9B8 /* ListBeaconsViewController.swift in Sources */ = {isa = PBXBuildFile; fileRef = 84416A441F88FE1F0016E9B8 /* ListBeaconsViewController.swift */; };
		84416A471F88FF490016E9B8 /* ItemCell.swift in Sources */ = {isa = PBXBuildFile; fileRef = 84416A461F88FF490016E9B8 /* ItemCell.swift */; };
		84416A491F8902FC0016E9B8 /* Icons.swift in Sources */ = {isa = PBXBuildFile; fileRef = 84416A481F8902FC0016E9B8 /* Icons.swift */; };
		84416A4B1F8903060016E9B8 /* Item.swift in Sources */ = {isa = PBXBuildFile; fileRef = 84416A4A1F8903060016E9B8 /* Item.swift */; };
		84416A4D1F890BFB0016E9B8 /* AddItemViewController.swift in Sources */ = {isa = PBXBuildFile; fileRef = 84416A4C1F890BFB0016E9B8 /* AddItemViewController.swift */; };
		84416A511F89101F0016E9B8 /* IconCell.swift in Sources */ = {isa = PBXBuildFile; fileRef = 84416A501F89101F0016E9B8 /* IconCell.swift */; };
		8449BA8A1F87AB48008FC642 /* SWRevealViewController.m in Sources */ = {isa = PBXBuildFile; fileRef = 8449BA891F87AB47008FC642 /* SWRevealViewController.m */; };
		8449BA8C1F87AC4F008FC642 /* MenuController.swift in Sources */ = {isa = PBXBuildFile; fileRef = 8449BA8B1F87AC4F008FC642 /* MenuController.swift */; };
		8449BA8E1F87B29F008FC642 /* MenuTableViewController.swift in Sources */ = {isa = PBXBuildFile; fileRef = 8449BA8D1F87B29F008FC642 /* MenuTableViewController.swift */; };
		8449BA901F87CC23008FC642 /* GoogleService-Info.plist in Resources */ = {isa = PBXBuildFile; fileRef = 8449BA8F1F87CC23008FC642 /* GoogleService-Info.plist */; };
		84888FDA1F7BEB5E00F76652 /* AppDelegate.swift in Sources */ = {isa = PBXBuildFile; fileRef = 84888FD91F7BEB5E00F76652 /* AppDelegate.swift */; };
		84888FDF1F7BEB5E00F76652 /* Main.storyboard in Resources */ = {isa = PBXBuildFile; fileRef = 84888FDD1F7BEB5E00F76652 /* Main.storyboard */; };
		84888FE11F7BEB5E00F76652 /* Assets.xcassets in Resources */ = {isa = PBXBuildFile; fileRef = 84888FE01F7BEB5E00F76652 /* Assets.xcassets */; };
		84888FE41F7BEB5E00F76652 /* LaunchScreen.storyboard in Resources */ = {isa = PBXBuildFile; fileRef = 84888FE21F7BEB5E00F76652 /* LaunchScreen.storyboard */; };
		84888FEE1F7D160B00F76652 /* TableViewController.swift in Sources */ = {isa = PBXBuildFile; fileRef = 84888FED1F7D160B00F76652 /* TableViewController.swift */; };
		84888FF01F7D163800F76652 /* PreviewMessageCell.swift in Sources */ = {isa = PBXBuildFile; fileRef = 84888FEF1F7D163800F76652 /* PreviewMessageCell.swift */; };
/* End PBXBuildFile section */

/* Begin PBXFileReference section */
		02B3CDBD4F8E9B17CE57E16C /* Pods-OTOT_Ver_1.release.xcconfig */ = {isa = PBXFileReference; includeInIndex = 1; lastKnownFileType = text.xcconfig; name = "Pods-OTOT_Ver_1.release.xcconfig"; path = "Pods/Target Support Files/Pods-OTOT_Ver_1/Pods-OTOT_Ver_1.release.xcconfig"; sourceTree = "<group>"; };
		2C1CCE934443DCEF61A1263D /* Pods-OTOT_Ver_1.debug.xcconfig */ = {isa = PBXFileReference; includeInIndex = 1; lastKnownFileType = text.xcconfig; name = "Pods-OTOT_Ver_1.debug.xcconfig"; path = "Pods/Target Support Files/Pods-OTOT_Ver_1/Pods-OTOT_Ver_1.debug.xcconfig"; sourceTree = "<group>"; };
		7BCC59A2B467E050F9AAE4CB /* Pods_OTOT_Ver_1.framework */ = {isa = PBXFileReference; explicitFileType = wrapper.framework; includeInIndex = 0; path = Pods_OTOT_Ver_1.framework; sourceTree = BUILT_PRODUCTS_DIR; };
		84416A441F88FE1F0016E9B8 /* ListBeaconsViewController.swift */ = {isa = PBXFileReference; lastKnownFileType = sourcecode.swift; path = ListBeaconsViewController.swift; sourceTree = "<group>"; };
		84416A461F88FF490016E9B8 /* ItemCell.swift */ = {isa = PBXFileReference; lastKnownFileType = sourcecode.swift; path = ItemCell.swift; sourceTree = "<group>"; };
		84416A481F8902FC0016E9B8 /* Icons.swift */ = {isa = PBXFileReference; lastKnownFileType = sourcecode.swift; path = Icons.swift; sourceTree = "<group>"; };
		84416A4A1F8903060016E9B8 /* Item.swift */ = {isa = PBXFileReference; lastKnownFileType = sourcecode.swift; path = Item.swift; sourceTree = "<group>"; };
		84416A4C1F890BFB0016E9B8 /* AddItemViewController.swift */ = {isa = PBXFileReference; lastKnownFileType = sourcecode.swift; path = AddItemViewController.swift; sourceTree = "<group>"; };
		84416A501F89101F0016E9B8 /* IconCell.swift */ = {isa = PBXFileReference; lastKnownFileType = sourcecode.swift; path = IconCell.swift; sourceTree = "<group>"; };
		8449BA871F87AB47008FC642 /* OTOT_Ver_1-Bridging-Header.h */ = {isa = PBXFileReference; lastKnownFileType = sourcecode.c.h; path = "OTOT_Ver_1-Bridging-Header.h"; sourceTree = "<group>"; };
		8449BA881F87AB47008FC642 /* SWRevealViewController.h */ = {isa = PBXFileReference; fileEncoding = 4; lastKnownFileType = sourcecode.c.h; name = SWRevealViewController.h; path = "../../../../Downloads/SWRevealViewController-master/SWRevealViewController/SWRevealViewController.h"; sourceTree = "<group>"; };
		8449BA891F87AB47008FC642 /* SWRevealViewController.m */ = {isa = PBXFileReference; fileEncoding = 4; lastKnownFileType = sourcecode.c.objc; name = SWRevealViewController.m; path = "../../../../Downloads/SWRevealViewController-master/SWRevealViewController/SWRevealViewController.m"; sourceTree = "<group>"; };
		8449BA8B1F87AC4F008FC642 /* MenuController.swift */ = {isa = PBXFileReference; lastKnownFileType = sourcecode.swift; path = MenuController.swift; sourceTree = "<group>"; };
		8449BA8D1F87B29F008FC642 /* MenuTableViewController.swift */ = {isa = PBXFileReference; lastKnownFileType = sourcecode.swift; path = MenuTableViewController.swift; sourceTree = "<group>"; };
		8449BA8F1F87CC23008FC642 /* GoogleService-Info.plist */ = {isa = PBXFileReference; fileEncoding = 4; lastKnownFileType = text.plist.xml; name = "GoogleService-Info.plist"; path = "../../../../Desktop/GoogleService-Info.plist"; sourceTree = "<group>"; };
		84888FD61F7BEB5E00F76652 /* OTOT_Ver_1.app */ = {isa = PBXFileReference; explicitFileType = wrapper.application; includeInIndex = 0; path = OTOT_Ver_1.app; sourceTree = BUILT_PRODUCTS_DIR; };
		84888FD91F7BEB5E00F76652 /* AppDelegate.swift */ = {isa = PBXFileReference; lastKnownFileType = sourcecode.swift; path = AppDelegate.swift; sourceTree = "<group>"; };
		84888FDE1F7BEB5E00F76652 /* Base */ = {isa = PBXFileReference; lastKnownFileType = file.storyboard; name = Base; path = Base.lproj/Main.storyboard; sourceTree = "<group>"; };
		84888FE01F7BEB5E00F76652 /* Assets.xcassets */ = {isa = PBXFileReference; lastKnownFileType = folder.assetcatalog; path = Assets.xcassets; sourceTree = "<group>"; };
		84888FE31F7BEB5E00F76652 /* Base */ = {isa = PBXFileReference; lastKnownFileType = file.storyboard; name = Base; path = Base.lproj/LaunchScreen.storyboard; sourceTree = "<group>"; };
		84888FE51F7BEB5E00F76652 /* Info.plist */ = {isa = PBXFileReference; lastKnownFileType = text.plist.xml; path = Info.plist; sourceTree = "<group>"; };
		84888FED1F7D160B00F76652 /* TableViewController.swift */ = {isa = PBXFileReference; lastKnownFileType = sourcecode.swift; path = TableViewController.swift; sourceTree = "<group>"; };
		84888FEF1F7D163800F76652 /* PreviewMessageCell.swift */ = {isa = PBXFileReference; lastKnownFileType = sourcecode.swift; path = PreviewMessageCell.swift; sourceTree = "<group>"; };
/* End PBXFileReference section */

/* Begin PBXFrameworksBuildPhase section */
		84888FD31F7BEB5E00F76652 /* Frameworks */ = {
			isa = PBXFrameworksBuildPhase;
			buildActionMask = 2147483647;
			files = (
				373CEFE21EB219FFF167F448 /* Pods_OTOT_Ver_1.framework in Frameworks */,
			);
			runOnlyForDeploymentPostprocessing = 0;
		};
/* End PBXFrameworksBuildPhase section */

/* Begin PBXGroup section */
		84888FCD1F7BEB5E00F76652 = {
			isa = PBXGroup;
			children = (
				84888FD81F7BEB5E00F76652 /* OTOT_Ver_1 */,
				84888FD71F7BEB5E00F76652 /* Products */,
				CBF9654A127644AD73876CA6 /* Pods */,
				E7CA71EEA6118AF1B464DF4C /* Frameworks */,
			);
			sourceTree = "<group>";
		};
		84888FD71F7BEB5E00F76652 /* Products */ = {
			isa = PBXGroup;
			children = (
				84888FD61F7BEB5E00F76652 /* OTOT_Ver_1.app */,
			);
			name = Products;
			sourceTree = "<group>";
		};
		84888FD81F7BEB5E00F76652 /* OTOT_Ver_1 */ = {
			isa = PBXGroup;
			children = (
				8449BA881F87AB47008FC642 /* SWRevealViewController.h */,
				8449BA891F87AB47008FC642 /* SWRevealViewController.m */,
				84888FD91F7BEB5E00F76652 /* AppDelegate.swift */,
				84888FDD1F7BEB5E00F76652 /* Main.storyboard */,
				84888FE01F7BEB5E00F76652 /* Assets.xcassets */,
				84888FE21F7BEB5E00F76652 /* LaunchScreen.storyboard */,
				84888FE51F7BEB5E00F76652 /* Info.plist */,
				8449BA8F1F87CC23008FC642 /* GoogleService-Info.plist */,
				84888FED1F7D160B00F76652 /* TableViewController.swift */,
				84888FEF1F7D163800F76652 /* PreviewMessageCell.swift */,
				8449BA871F87AB47008FC642 /* OTOT_Ver_1-Bridging-Header.h */,
				8449BA8B1F87AC4F008FC642 /* MenuController.swift */,
				8449BA8D1F87B29F008FC642 /* MenuTableViewController.swift */,
				84416A441F88FE1F0016E9B8 /* ListBeaconsViewController.swift */,
				84416A461F88FF490016E9B8 /* ItemCell.swift */,
				84416A481F8902FC0016E9B8 /* Icons.swift */,
				84416A4A1F8903060016E9B8 /* Item.swift */,
				84416A4C1F890BFB0016E9B8 /* AddItemViewController.swift */,
				84416A501F89101F0016E9B8 /* IconCell.swift */,
			);
			path = OTOT_Ver_1;
			sourceTree = "<group>";
		};
		CBF9654A127644AD73876CA6 /* Pods */ = {
			isa = PBXGroup;
			children = (
				2C1CCE934443DCEF61A1263D /* Pods-OTOT_Ver_1.debug.xcconfig */,
				02B3CDBD4F8E9B17CE57E16C /* Pods-OTOT_Ver_1.release.xcconfig */,
			);
			name = Pods;
			sourceTree = "<group>";
		};
		E7CA71EEA6118AF1B464DF4C /* Frameworks */ = {
			isa = PBXGroup;
			children = (
				7BCC59A2B467E050F9AAE4CB /* Pods_OTOT_Ver_1.framework */,
			);
			name = Frameworks;
			sourceTree = "<group>";
		};
/* End PBXGroup section */

/* Begin PBXNativeTarget section */
		84888FD51F7BEB5E00F76652 /* OTOT_Ver_1 */ = {
			isa = PBXNativeTarget;
			buildConfigurationList = 84888FE81F7BEB5E00F76652 /* Build configuration list for PBXNativeTarget "OTOT_Ver_1" */;
			buildPhases = (
				A0741E22DE26652BB8660B3B /* [CP] Check Pods Manifest.lock */,
				84888FD21F7BEB5E00F76652 /* Sources */,
				84888FD31F7BEB5E00F76652 /* Frameworks */,
				84888FD41F7BEB5E00F76652 /* Resources */,
				F2317A69D19B8EAE113709F5 /* [CP] Embed Pods Frameworks */,
				B78AD1874A45DEC9FACC112F /* [CP] Copy Pods Resources */,
			);
			buildRules = (
			);
			dependencies = (
			);
			name = OTOT_Ver_1;
			productName = OTOT_Ver_1;
			productReference = 84888FD61F7BEB5E00F76652 /* OTOT_Ver_1.app */;
			productType = "com.apple.product-type.application";
		};
/* End PBXNativeTarget section */

/* Begin PBXProject section */
		84888FCE1F7BEB5E00F76652 /* Project object */ = {
			isa = PBXProject;
			attributes = {
				LastSwiftUpdateCheck = 0900;
				LastUpgradeCheck = 0900;
				ORGANIZATIONNAME = admin;
				TargetAttributes = {
					84888FD51F7BEB5E00F76652 = {
						CreatedOnToolsVersion = 9.0;
						LastSwiftMigration = 0900;
					};
				};
			};
			buildConfigurationList = 84888FD11F7BEB5E00F76652 /* Build configuration list for PBXProject "OTOT_Ver_1" */;
			compatibilityVersion = "Xcode 8.0";
			developmentRegion = en;
			hasScannedForEncodings = 0;
			knownRegions = (
				en,
				Base,
			);
			mainGroup = 84888FCD1F7BEB5E00F76652;
			productRefGroup = 84888FD71F7BEB5E00F76652 /* Products */;
			projectDirPath = "";
			projectRoot = "";
			targets = (
				84888FD51F7BEB5E00F76652 /* OTOT_Ver_1 */,
			);
		};
/* End PBXProject section */

/* Begin PBXResourcesBuildPhase section */
		84888FD41F7BEB5E00F76652 /* Resources */ = {
			isa = PBXResourcesBuildPhase;
			buildActionMask = 2147483647;
			files = (
				84888FE41F7BEB5E00F76652 /* LaunchScreen.storyboard in Resources */,
				8449BA901F87CC23008FC642 /* GoogleService-Info.plist in Resources */,
				84888FE11F7BEB5E00F76652 /* Assets.xcassets in Resources */,
				84888FDF1F7BEB5E00F76652 /* Main.storyboard in Resources */,
			);
			runOnlyForDeploymentPostprocessing = 0;
		};
/* End PBXResourcesBuildPhase section */

/* Begin PBXShellScriptBuildPhase section */
		A0741E22DE26652BB8660B3B /* [CP] Check Pods Manifest.lock */ = {
			isa = PBXShellScriptBuildPhase;
			buildActionMask = 2147483647;
			files = (
			);
			inputPaths = (
				"${PODS_PODFILE_DIR_PATH}/Podfile.lock",
				"${PODS_ROOT}/Manifest.lock",
			);
			name = "[CP] Check Pods Manifest.lock";
			outputPaths = (
				"$(DERIVED_FILE_DIR)/Pods-OTOT_Ver_1-checkManifestLockResult.txt",
			);
			runOnlyForDeploymentPostprocessing = 0;
			shellPath = /bin/sh;
			shellScript = "diff \"${PODS_PODFILE_DIR_PATH}/Podfile.lock\" \"${PODS_ROOT}/Manifest.lock\" > /dev/null\nif [ $? != 0 ] ; then\n    # print error to STDERR\n    echo \"error: The sandbox is not in sync with the Podfile.lock. Run 'pod install' or update your CocoaPods installation.\" >&2\n    exit 1\nfi\n# This output is used by Xcode 'outputs' to avoid re-running this script phase.\necho \"SUCCESS\" > \"${SCRIPT_OUTPUT_FILE_0}\"\n";
			showEnvVarsInLog = 0;
		};
		B78AD1874A45DEC9FACC112F /* [CP] Copy Pods Resources */ = {
			isa = PBXShellScriptBuildPhase;
			buildActionMask = 2147483647;
			files = (
			);
			inputPaths = (
			);
			name = "[CP] Copy Pods Resources";
			outputPaths = (
			);
			runOnlyForDeploymentPostprocessing = 0;
			shellPath = /bin/sh;
			shellScript = "\"${SRCROOT}/Pods/Target Support Files/Pods-OTOT_Ver_1/Pods-OTOT_Ver_1-resources.sh\"\n";
			showEnvVarsInLog = 0;
		};
		F2317A69D19B8EAE113709F5 /* [CP] Embed Pods Frameworks */ = {
			isa = PBXShellScriptBuildPhase;
			buildActionMask = 2147483647;
			files = (
			);
			inputPaths = (
				"${SRCROOT}/Pods/Target Support Files/Pods-OTOT_Ver_1/Pods-OTOT_Ver_1-frameworks.sh",
				"${BUILT_PRODUCTS_DIR}/ChameleonFramework/ChameleonFramework.framework",
				"${BUILT_PRODUCTS_DIR}/GTMSessionFetcher/GTMSessionFetcher.framework",
				"${BUILT_PRODUCTS_DIR}/GoogleToolboxForMac/GoogleToolboxForMac.framework",
				"${BUILT_PRODUCTS_DIR}/SVProgressHUD/SVProgressHUD.framework",
			);
			name = "[CP] Embed Pods Frameworks";
			outputPaths = (
				"${TARGET_BUILD_DIR}/${FRAMEWORKS_FOLDER_PATH}/ChameleonFramework.framework",
				"${TARGET_BUILD_DIR}/${FRAMEWORKS_FOLDER_PATH}/GTMSessionFetcher.framework",
				"${TARGET_BUILD_DIR}/${FRAMEWORKS_FOLDER_PATH}/GoogleToolboxForMac.framework",
				"${TARGET_BUILD_DIR}/${FRAMEWORKS_FOLDER_PATH}/SVProgressHUD.framework",
			);
			runOnlyForDeploymentPostprocessing = 0;
			shellPath = /bin/sh;
			shellScript = "\"${SRCROOT}/Pods/Target Support Files/Pods-OTOT_Ver_1/Pods-OTOT_Ver_1-frameworks.sh\"\n";
			showEnvVarsInLog = 0;
		};
/* End PBXShellScriptBuildPhase section */

/* Begin PBXSourcesBuildPhase section */
		84888FD21F7BEB5E00F76652 /* Sources */ = {
			isa = PBXSourcesBuildPhase;
			buildActionMask = 2147483647;
			files = (
				84416A4B1F8903060016E9B8 /* Item.swift in Sources */,
				84416A471F88FF490016E9B8 /* ItemCell.swift in Sources */,
				84416A511F89101F0016E9B8 /* IconCell.swift in Sources */,
				84416A451F88FE1F0016E9B8 /* ListBeaconsViewController.swift in Sources */,
				8449BA8C1F87AC4F008FC642 /* MenuController.swift in Sources */,
				84888FEE1F7D160B00F76652 /* TableViewController.swift in Sources */,
				8449BA8E1F87B29F008FC642 /* MenuTableViewController.swift in Sources */,
				84416A491F8902FC0016E9B8 /* Icons.swift in Sources */,
				84888FF01F7D163800F76652 /* PreviewMessageCell.swift in Sources */,
				84888FDA1F7BEB5E00F76652 /* AppDelegate.swift in Sources */,
				8449BA8A1F87AB48008FC642 /* SWRevealViewController.m in Sources */,
				84416A4D1F890BFB0016E9B8 /* AddItemViewController.swift in Sources */,
			);
			runOnlyForDeploymentPostprocessing = 0;
		};
/* End PBXSourcesBuildPhase section */

/* Begin PBXVariantGroup section */
		84888FDD1F7BEB5E00F76652 /* Main.storyboard */ = {
			isa = PBXVariantGroup;
			children = (
				84888FDE1F7BEB5E00F76652 /* Base */,
			);
			name = Main.storyboard;
			sourceTree = "<group>";
		};
		84888FE21F7BEB5E00F76652 /* LaunchScreen.storyboard */ = {
			isa = PBXVariantGroup;
			children = (
				84888FE31F7BEB5E00F76652 /* Base */,
			);
			name = LaunchScreen.storyboard;
			sourceTree = "<group>";
		};
/* End PBXVariantGroup section */

/* Begin XCBuildConfiguration section */
		84888FE61F7BEB5E00F76652 /* Debug */ = {
			isa = XCBuildConfiguration;
			buildSettings = {
				ALWAYS_SEARCH_USER_PATHS = NO;
				CLANG_ANALYZER_NONNULL = YES;
				CLANG_ANALYZER_NUMBER_OBJECT_CONVERSION = YES_AGGRESSIVE;
				CLANG_CXX_LANGUAGE_STANDARD = "gnu++14";
				CLANG_CXX_LIBRARY = "libc++";
				CLANG_ENABLE_MODULES = YES;
				CLANG_ENABLE_OBJC_ARC = YES;
				CLANG_WARN_BLOCK_CAPTURE_AUTORELEASING = YES;
				CLANG_WARN_BOOL_CONVERSION = YES;
				CLANG_WARN_COMMA = YES;
				CLANG_WARN_CONSTANT_CONVERSION = YES;
				CLANG_WARN_DIRECT_OBJC_ISA_USAGE = YES_ERROR;
				CLANG_WARN_DOCUMENTATION_COMMENTS = YES;
				CLANG_WARN_EMPTY_BODY = YES;
				CLANG_WARN_ENUM_CONVERSION = YES;
				CLANG_WARN_INFINITE_RECURSION = YES;
				CLANG_WARN_INT_CONVERSION = YES;
				CLANG_WARN_OBJC_ROOT_CLASS = YES_ERROR;
				CLANG_WARN_RANGE_LOOP_ANALYSIS = YES;
				CLANG_WARN_STRICT_PROTOTYPES = YES;
				CLANG_WARN_SUSPICIOUS_MOVE = YES;
				CLANG_WARN_UNGUARDED_AVAILABILITY = YES_AGGRESSIVE;
				CLANG_WARN_UNREACHABLE_CODE = YES;
				CLANG_WARN__DUPLICATE_METHOD_MATCH = YES;
				CODE_SIGN_IDENTITY = "iPhone Developer";
				COPY_PHASE_STRIP = NO;
				DEBUG_INFORMATION_FORMAT = dwarf;
				EMBED_ASSET_PACKS_IN_PRODUCT_BUNDLE = YES;
				ENABLE_STRICT_OBJC_MSGSEND = YES;
				ENABLE_TESTABILITY = YES;
				GCC_C_LANGUAGE_STANDARD = gnu11;
				GCC_DYNAMIC_NO_PIC = NO;
				GCC_NO_COMMON_BLOCKS = YES;
				GCC_OPTIMIZATION_LEVEL = 0;
				GCC_PREPROCESSOR_DEFINITIONS = (
					"DEBUG=1",
					"$(inherited)",
				);
				GCC_WARN_64_TO_32_BIT_CONVERSION = YES;
				GCC_WARN_ABOUT_RETURN_TYPE = YES_ERROR;
				GCC_WARN_UNDECLARED_SELECTOR = YES;
				GCC_WARN_UNINITIALIZED_AUTOS = YES_AGGRESSIVE;
				GCC_WARN_UNUSED_FUNCTION = YES;
				GCC_WARN_UNUSED_VARIABLE = YES;
				IPHONEOS_DEPLOYMENT_TARGET = 11.0;
				MTL_ENABLE_DEBUG_INFO = YES;
				ONLY_ACTIVE_ARCH = YES;
				SDKROOT = iphoneos;
				SWIFT_ACTIVE_COMPILATION_CONDITIONS = DEBUG;
				SWIFT_OPTIMIZATION_LEVEL = "-Onone";
			};
			name = Debug;
		};
		84888FE71F7BEB5E00F76652 /* Release */ = {
			isa = XCBuildConfiguration;
			buildSettings = {
				ALWAYS_SEARCH_USER_PATHS = NO;
				CLANG_ANALYZER_NONNULL = YES;
				CLANG_ANALYZER_NUMBER_OBJECT_CONVERSION = YES_AGGRESSIVE;
				CLANG_CXX_LANGUAGE_STANDARD = "gnu++14";
				CLANG_CXX_LIBRARY = "libc++";
				CLANG_ENABLE_MODULES = YES;
				CLANG_ENABLE_OBJC_ARC = YES;
				CLANG_WARN_BLOCK_CAPTURE_AUTORELEASING = YES;
				CLANG_WARN_BOOL_CONVERSION = YES;
				CLANG_WARN_COMMA = YES;
				CLANG_WARN_CONSTANT_CONVERSION = YES;
				CLANG_WARN_DIRECT_OBJC_ISA_USAGE = YES_ERROR;
				CLANG_WARN_DOCUMENTATION_COMMENTS = YES;
				CLANG_WARN_EMPTY_BODY = YES;
				CLANG_WARN_ENUM_CONVERSION = YES;
				CLANG_WARN_INFINITE_RECURSION = YES;
				CLANG_WARN_INT_CONVERSION = YES;
				CLANG_WARN_OBJC_ROOT_CLASS = YES_ERROR;
				CLANG_WARN_RANGE_LOOP_ANALYSIS = YES;
				CLANG_WARN_STRICT_PROTOTYPES = YES;
				CLANG_WARN_SUSPICIOUS_MOVE = YES;
				CLANG_WARN_UNGUARDED_AVAILABILITY = YES_AGGRESSIVE;
				CLANG_WARN_UNREACHABLE_CODE = YES;
				CLANG_WARN__DUPLICATE_METHOD_MATCH = YES;
				CODE_SIGN_IDENTITY = "iPhone Developer";
				COPY_PHASE_STRIP = NO;
				DEBUG_INFORMATION_FORMAT = "dwarf-with-dsym";
				EMBED_ASSET_PACKS_IN_PRODUCT_BUNDLE = YES;
				ENABLE_NS_ASSERTIONS = NO;
				ENABLE_STRICT_OBJC_MSGSEND = YES;
				GCC_C_LANGUAGE_STANDARD = gnu11;
				GCC_NO_COMMON_BLOCKS = YES;
				GCC_WARN_64_TO_32_BIT_CONVERSION = YES;
				GCC_WARN_ABOUT_RETURN_TYPE = YES_ERROR;
				GCC_WARN_UNDECLARED_SELECTOR = YES;
				GCC_WARN_UNINITIALIZED_AUTOS = YES_AGGRESSIVE;
				GCC_WARN_UNUSED_FUNCTION = YES;
				GCC_WARN_UNUSED_VARIABLE = YES;
				IPHONEOS_DEPLOYMENT_TARGET = 11.0;
				MTL_ENABLE_DEBUG_INFO = NO;
				SDKROOT = iphoneos;
				SWIFT_OPTIMIZATION_LEVEL = "-Owholemodule";
				VALIDATE_PRODUCT = YES;
			};
			name = Release;
		};
		84888FE91F7BEB5E00F76652 /* Debug */ = {
			isa = XCBuildConfiguration;
			baseConfigurationReference = 2C1CCE934443DCEF61A1263D /* Pods-OTOT_Ver_1.debug.xcconfig */;
			buildSettings = {
				ASSETCATALOG_COMPILER_APPICON_NAME = AppIcon;
				CLANG_ENABLE_MODULES = YES;
				DEVELOPMENT_TEAM = EDRP4VF6QH;
				INFOPLIST_FILE = OTOT_Ver_1/Info.plist;
				IPHONEOS_DEPLOYMENT_TARGET = 10.3;
				LD_RUNPATH_SEARCH_PATHS = "$(inherited) @executable_path/Frameworks";
				PRODUCT_BUNDLE_IDENTIFIER = "seonwoo.OTOT-Ver-1";
				PRODUCT_NAME = "$(TARGET_NAME)";
				SWIFT_OBJC_BRIDGING_HEADER = "OTOT_Ver_1/OTOT_Ver_1-Bridging-Header.h";
				SWIFT_OPTIMIZATION_LEVEL = "-Onone";
				SWIFT_VERSION = 4.0;
				TARGETED_DEVICE_FAMILY = 1;
			};
			name = Debug;
		};
		84888FEA1F7BEB5E00F76652 /* Release */ = {
			isa = XCBuildConfiguration;
			baseConfigurationReference = 02B3CDBD4F8E9B17CE57E16C /* Pods-OTOT_Ver_1.release.xcconfig */;
			buildSettings = {
				ASSETCATALOG_COMPILER_APPICON_NAME = AppIcon;
				CLANG_ENABLE_MODULES = YES;
				DEVELOPMENT_TEAM = EDRP4VF6QH;
				INFOPLIST_FILE = OTOT_Ver_1/Info.plist;
				IPHONEOS_DEPLOYMENT_TARGET = 10.3;
				LD_RUNPATH_SEARCH_PATHS = "$(inherited) @executable_path/Frameworks";
				PRODUCT_BUNDLE_IDENTIFIER = "seonwoo.OTOT-Ver-1";
				PRODUCT_NAME = "$(TARGET_NAME)";
				SWIFT_OBJC_BRIDGING_HEADER = "OTOT_Ver_1/OTOT_Ver_1-Bridging-Header.h";
				SWIFT_VERSION = 4.0;
				TARGETED_DEVICE_FAMILY = 1;
			};
			name = Release;
		};
/* End XCBuildConfiguration section */

/* Begin XCConfigurationList section */
		84888FD11F7BEB5E00F76652 /* Build configuration list for PBXProject "OTOT_Ver_1" */ = {
			isa = XCConfigurationList;
			buildConfigurations = (
				84888FE61F7BEB5E00F76652 /* Debug */,
				84888FE71F7BEB5E00F76652 /* Release */,
			);
			defaultConfigurationIsVisible = 0;
			defaultConfigurationName = Release;
		};
		84888FE81F7BEB5E00F76652 /* Build configuration list for PBXNativeTarget "OTOT_Ver_1" */ = {
			isa = XCConfigurationList;
			buildConfigurations = (
				84888FE91F7BEB5E00F76652 /* Debug */,
				84888FEA1F7BEB5E00F76652 /* Release */,
			);
			defaultConfigurationIsVisible = 0;
			defaultConfigurationName = Release;
		};
/* End XCConfigurationList section */
	};
	rootObject = 84888FCE1F7BEB5E00F76652 /* Project object */;
}
